// !$*UTF8*$!
{
	archiveVersion = 1;
	classes = {
	};
	objectVersion = 46;
	objects = {

/* Begin PBXBuildFile section */
		9041E7331F191CF200D00019 /* MalKitGlobalVar.swift in Sources */ = {isa = PBXBuildFile; fileRef = 9041E7301F191CF200D00019 /* MalKitGlobalVar.swift */; };
		905023401F129D5A005A6120 /* SWXMLHash.framework in Frameworks */ = {isa = PBXBuildFile; fileRef = 9050233F1F129D5A005A6120 /* SWXMLHash.framework */; };
		9064EBB01F41EF97003B5E71 /* MalKitUtil.swift in Sources */ = {isa = PBXBuildFile; fileRef = 9064EBAE1F41EF97003B5E71 /* MalKitUtil.swift */; };
		9064EBB11F41EF97003B5E71 /* MalKitKeychainService.swift in Sources */ = {isa = PBXBuildFile; fileRef = 9064EBAF1F41EF97003B5E71 /* MalKitKeychainService.swift */; };
		90A21B951F12155700B3CDD6 /* AppDelegate.swift in Sources */ = {isa = PBXBuildFile; fileRef = 90A21B941F12155700B3CDD6 /* AppDelegate.swift */; };
		90A21B971F12155700B3CDD6 /* ViewController.swift in Sources */ = {isa = PBXBuildFile; fileRef = 90A21B961F12155700B3CDD6 /* ViewController.swift */; };
		90A21B9A1F12155700B3CDD6 /* Main.storyboard in Resources */ = {isa = PBXBuildFile; fileRef = 90A21B981F12155700B3CDD6 /* Main.storyboard */; };
		90A21B9C1F12155700B3CDD6 /* Assets.xcassets in Resources */ = {isa = PBXBuildFile; fileRef = 90A21B9B1F12155700B3CDD6 /* Assets.xcassets */; };
		90A21B9F1F12155700B3CDD6 /* LaunchScreen.storyboard in Resources */ = {isa = PBXBuildFile; fileRef = 90A21B9D1F12155700B3CDD6 /* LaunchScreen.storyboard */; };
		90A21BBF1F12176800B3CDD6 /* MalKit.swift in Sources */ = {isa = PBXBuildFile; fileRef = 90A21BBB1F12176800B3CDD6 /* MalKit.swift */; };
/* End PBXBuildFile section */

/* Begin PBXCopyFilesBuildPhase section */
		90A21BB71F12174500B3CDD6 /* Embed Frameworks */ = {
			isa = PBXCopyFilesBuildPhase;
			buildActionMask = 2147483647;
			dstPath = "";
			dstSubfolderSpec = 10;
			files = (
			);
			name = "Embed Frameworks";
			runOnlyForDeploymentPostprocessing = 0;
		};
/* End PBXCopyFilesBuildPhase section */

/* Begin PBXFileReference section */
		9041E7301F191CF200D00019 /* MalKitGlobalVar.swift */ = {isa = PBXFileReference; fileEncoding = 4; lastKnownFileType = sourcecode.swift; path = MalKitGlobalVar.swift; sourceTree = "<group>"; };
		9050233F1F129D5A005A6120 /* SWXMLHash.framework */ = {isa = PBXFileReference; lastKnownFileType = wrapper.framework; name = SWXMLHash.framework; path = Carthage/Build/iOS/SWXMLHash.framework; sourceTree = "<group>"; };
		9064EBAE1F41EF97003B5E71 /* MalKitUtil.swift */ = {isa = PBXFileReference; fileEncoding = 4; lastKnownFileType = sourcecode.swift; path = MalKitUtil.swift; sourceTree = "<group>"; };
		9064EBAF1F41EF97003B5E71 /* MalKitKeychainService.swift */ = {isa = PBXFileReference; fileEncoding = 4; lastKnownFileType = sourcecode.swift; path = MalKitKeychainService.swift; sourceTree = "<group>"; };
		90A21B911F12155700B3CDD6 /* Sample.app */ = {isa = PBXFileReference; explicitFileType = wrapper.application; includeInIndex = 0; path = Sample.app; sourceTree = BUILT_PRODUCTS_DIR; };
		90A21B941F12155700B3CDD6 /* AppDelegate.swift */ = {isa = PBXFileReference; lastKnownFileType = sourcecode.swift; path = AppDelegate.swift; sourceTree = "<group>"; };
		90A21B961F12155700B3CDD6 /* ViewController.swift */ = {isa = PBXFileReference; lastKnownFileType = sourcecode.swift; path = ViewController.swift; sourceTree = "<group>"; };
		90A21B991F12155700B3CDD6 /* Base */ = {isa = PBXFileReference; lastKnownFileType = file.storyboard; name = Base; path = Base.lproj/Main.storyboard; sourceTree = "<group>"; };
		90A21B9B1F12155700B3CDD6 /* Assets.xcassets */ = {isa = PBXFileReference; lastKnownFileType = folder.assetcatalog; path = Assets.xcassets; sourceTree = "<group>"; };
		90A21B9E1F12155700B3CDD6 /* Base */ = {isa = PBXFileReference; lastKnownFileType = file.storyboard; name = Base; path = Base.lproj/LaunchScreen.storyboard; sourceTree = "<group>"; };
		90A21BA01F12155700B3CDD6 /* Info.plist */ = {isa = PBXFileReference; lastKnownFileType = text.plist.xml; path = Info.plist; sourceTree = "<group>"; };
		90A21BBA1F12176800B3CDD6 /* MalKit.h */ = {isa = PBXFileReference; fileEncoding = 4; lastKnownFileType = sourcecode.c.h; path = MalKit.h; sourceTree = "<group>"; };
		90A21BBB1F12176800B3CDD6 /* MalKit.swift */ = {isa = PBXFileReference; fileEncoding = 4; lastKnownFileType = sourcecode.swift; path = MalKit.swift; sourceTree = "<group>"; };
/* End PBXFileReference section */

/* Begin PBXFrameworksBuildPhase section */
		90A21B8E1F12155700B3CDD6 /* Frameworks */ = {
			isa = PBXFrameworksBuildPhase;
			buildActionMask = 2147483647;
			files = (
				905023401F129D5A005A6120 /* SWXMLHash.framework in Frameworks */,
			);
			runOnlyForDeploymentPostprocessing = 0;
		};
/* End PBXFrameworksBuildPhase section */

/* Begin PBXGroup section */
		9050233E1F129D5A005A6120 /* Frameworks */ = {
			isa = PBXGroup;
			children = (
				9050233F1F129D5A005A6120 /* SWXMLHash.framework */,
			);
			name = Frameworks;
			sourceTree = "<group>";
		};
		90A21B881F12155700B3CDD6 = {
			isa = PBXGroup;
			children = (
				90A21BB81F12176800B3CDD6 /* MalKit */,
				90A21B931F12155700B3CDD6 /* Sample */,
				90A21B921F12155700B3CDD6 /* Products */,
				9050233E1F129D5A005A6120 /* Frameworks */,
			);
			sourceTree = "<group>";
		};
		90A21B921F12155700B3CDD6 /* Products */ = {
			isa = PBXGroup;
			children = (
				90A21B911F12155700B3CDD6 /* Sample.app */,
			);
			name = Products;
			sourceTree = "<group>";
		};
		90A21B931F12155700B3CDD6 /* Sample */ = {
			isa = PBXGroup;
			children = (
				90A21B941F12155700B3CDD6 /* AppDelegate.swift */,
				90A21B961F12155700B3CDD6 /* ViewController.swift */,
				90A21B981F12155700B3CDD6 /* Main.storyboard */,
				90A21B9B1F12155700B3CDD6 /* Assets.xcassets */,
				90A21B9D1F12155700B3CDD6 /* LaunchScreen.storyboard */,
				90A21BA01F12155700B3CDD6 /* Info.plist */,
			);
			path = Sample;
			sourceTree = "<group>";
		};
		90A21BB81F12176800B3CDD6 /* MalKit */ = {
			isa = PBXGroup;
			children = (
				9064EBAE1F41EF97003B5E71 /* MalKitUtil.swift */,
				9064EBAF1F41EF97003B5E71 /* MalKitKeychainService.swift */,
				9041E7301F191CF200D00019 /* MalKitGlobalVar.swift */,
				90A21BBA1F12176800B3CDD6 /* MalKit.h */,
				90A21BBB1F12176800B3CDD6 /* MalKit.swift */,
			);
			name = MalKit;
			path = ../MalKit;
			sourceTree = "<group>";
		};
/* End PBXGroup section */

/* Begin PBXNativeTarget section */
		90A21B901F12155700B3CDD6 /* Sample */ = {
			isa = PBXNativeTarget;
			buildConfigurationList = 90A21BA31F12155700B3CDD6 /* Build configuration list for PBXNativeTarget "Sample" */;
			buildPhases = (
				90A21B8D1F12155700B3CDD6 /* Sources */,
				90A21B8E1F12155700B3CDD6 /* Frameworks */,
				90A21B8F1F12155700B3CDD6 /* Resources */,
				90A21BB71F12174500B3CDD6 /* Embed Frameworks */,
				90A21BC21F121A4E00B3CDD6 /* ShellScript */,
			);
			buildRules = (
			);
			dependencies = (
			);
			name = Sample;
			productName = Sample;
			productReference = 90A21B911F12155700B3CDD6 /* Sample.app */;
			productType = "com.apple.product-type.application";
		};
/* End PBXNativeTarget section */

/* Begin PBXProject section */
		90A21B891F12155700B3CDD6 /* Project object */ = {
			isa = PBXProject;
			attributes = {
				LastSwiftUpdateCheck = 0830;
				LastUpgradeCheck = 0830;
				ORGANIZATIONNAME = nktn;
				TargetAttributes = {
					90A21B901F12155700B3CDD6 = {
						CreatedOnToolsVersion = 8.3.3;
						ProvisioningStyle = Automatic;
					};
				};
			};
			buildConfigurationList = 90A21B8C1F12155700B3CDD6 /* Build configuration list for PBXProject "Sample" */;
			compatibilityVersion = "Xcode 3.2";
			developmentRegion = English;
			hasScannedForEncodings = 0;
			knownRegions = (
				en,
				Base,
			);
			mainGroup = 90A21B881F12155700B3CDD6;
			productRefGroup = 90A21B921F12155700B3CDD6 /* Products */;
			projectDirPath = "";
			projectRoot = "";
			targets = (
				90A21B901F12155700B3CDD6 /* Sample */,
			);
		};
/* End PBXProject section */

/* Begin PBXResourcesBuildPhase section */
		90A21B8F1F12155700B3CDD6 /* Resources */ = {
			isa = PBXResourcesBuildPhase;
			buildActionMask = 2147483647;
			files = (
				90A21B9F1F12155700B3CDD6 /* LaunchScreen.storyboard in Resources */,
				90A21B9C1F12155700B3CDD6 /* Assets.xcassets in Resources */,
				90A21B9A1F12155700B3CDD6 /* Main.storyboard in Resources */,
			);
			runOnlyForDeploymentPostprocessing = 0;
		};
/* End PBXResourcesBuildPhase section */

/* Begin PBXShellScriptBuildPhase section */
		90A21BC21F121A4E00B3CDD6 /* ShellScript */ = {
			isa = PBXShellScriptBuildPhase;
			buildActionMask = 2147483647;
			files = (
			);
			inputPaths = (
				"$(SRCROOT)/Carthage/Build/iOS/SWXMLHash.framework",
			);
			outputPaths = (
			);
			runOnlyForDeploymentPostprocessing = 0;
			shellPath = /bin/sh;
			shellScript = "KEYWORDS=\"WARN:\"\nfind ${SRCROOT} \\( -name \"*.h\" -or -name \"*.m\" -or -name \"*.swift\" \\) -print0 | \\\nxargs -0 egrep --with-filename --line-number --only-matching \"($KEYWORDS).*\\$\" | \\\nperl -p -e \"s/($KEYWORDS)/ warning: \\$1/\"\n\n/usr/local/bin/carthage copy-frameworks";
		};
/* End PBXShellScriptBuildPhase section */

/* Begin PBXSourcesBuildPhase section */
		90A21B8D1F12155700B3CDD6 /* Sources */ = {
			isa = PBXSourcesBuildPhase;
			buildActionMask = 2147483647;
			files = (
				90A21B971F12155700B3CDD6 /* ViewController.swift in Sources */,
				9064EBB11F41EF97003B5E71 /* MalKitKeychainService.swift in Sources */,
				9041E7331F191CF200D00019 /* MalKitGlobalVar.swift in Sources */,
				90A21BBF1F12176800B3CDD6 /* MalKit.swift in Sources */,
				9064EBB01F41EF97003B5E71 /* MalKitUtil.swift in Sources */,
				90A21B951F12155700B3CDD6 /* AppDelegate.swift in Sources */,
			);
			runOnlyForDeploymentPostprocessing = 0;
		};
/* End PBXSourcesBuildPhase section */

/* Begin PBXVariantGroup section */
		90A21B981F12155700B3CDD6 /* Main.storyboard */ = {
			isa = PBXVariantGroup;
			children = (
				90A21B991F12155700B3CDD6 /* Base */,
			);
			name = Main.storyboard;
			sourceTree = "<group>";
		};
		90A21B9D1F12155700B3CDD6 /* LaunchScreen.storyboard */ = {
			isa = PBXVariantGroup;
			children = (
				90A21B9E1F12155700B3CDD6 /* Base */,
			);
			name = LaunchScreen.storyboard;
			sourceTree = "<group>";
		};
/* End PBXVariantGroup section */

/* Begin XCBuildConfiguration section */
		90A21BA11F12155700B3CDD6 /* Debug */ = {
			isa = XCBuildConfiguration;
			buildSettings = {
				ALWAYS_SEARCH_USER_PATHS = NO;
				CLANG_ANALYZER_NONNULL = YES;
				CLANG_ANALYZER_NUMBER_OBJECT_CONVERSION = YES_AGGRESSIVE;
				CLANG_CXX_LANGUAGE_STANDARD = "gnu++0x";
				CLANG_CXX_LIBRARY = "libc++";
				CLANG_ENABLE_MODULES = YES;
				CLANG_ENABLE_OBJC_ARC = YES;
				CLANG_WARN_BOOL_CONVERSION = YES;
				CLANG_WARN_CONSTANT_CONVERSION = YES;
				CLANG_WARN_DIRECT_OBJC_ISA_USAGE = YES_ERROR;
				CLANG_WARN_DOCUMENTATION_COMMENTS = YES;
				CLANG_WARN_EMPTY_BODY = YES;
				CLANG_WARN_ENUM_CONVERSION = YES;
				CLANG_WARN_INFINITE_RECURSION = YES;
				CLANG_WARN_INT_CONVERSION = YES;
				CLANG_WARN_OBJC_ROOT_CLASS = YES_ERROR;
				CLANG_WARN_SUSPICIOUS_MOVE = YES;
				CLANG_WARN_UNREACHABLE_CODE = YES;
				CLANG_WARN__DUPLICATE_METHOD_MATCH = YES;
				"CODE_SIGN_IDENTITY[sdk=iphoneos*]" = "iPhone Developer";
				COPY_PHASE_STRIP = NO;
				DEBUG_INFORMATION_FORMAT = dwarf;
				ENABLE_STRICT_OBJC_MSGSEND = YES;
				ENABLE_TESTABILITY = YES;
				GCC_C_LANGUAGE_STANDARD = gnu99;
				GCC_DYNAMIC_NO_PIC = NO;
				GCC_NO_COMMON_BLOCKS = YES;
				GCC_OPTIMIZATION_LEVEL = 0;
				GCC_PREPROCESSOR_DEFINITIONS = (
					"DEBUG=1",
					"$(inherited)",
				);
				GCC_WARN_64_TO_32_BIT_CONVERSION = YES;
				GCC_WARN_ABOUT_RETURN_TYPE = YES_ERROR;
				GCC_WARN_UNDECLARED_SELECTOR = YES;
				GCC_WARN_UNINITIALIZED_AUTOS = YES_AGGRESSIVE;
				GCC_WARN_UNUSED_FUNCTION = YES;
				GCC_WARN_UNUSED_VARIABLE = YES;
				IPHONEOS_DEPLOYMENT_TARGET = 10.3;
				MTL_ENABLE_DEBUG_INFO = YES;
				ONLY_ACTIVE_ARCH = YES;
				SDKROOT = iphoneos;
				SWIFT_ACTIVE_COMPILATION_CONDITIONS = DEBUG;
				SWIFT_OPTIMIZATION_LEVEL = "-Onone";
			};
			name = Debug;
		};
		90A21BA21F12155700B3CDD6 /* Release */ = {
			isa = XCBuildConfiguration;
			buildSettings = {
				ALWAYS_SEARCH_USER_PATHS = NO;
				CLANG_ANALYZER_NONNULL = YES;
				CLANG_ANALYZER_NUMBER_OBJECT_CONVERSION = YES_AGGRESSIVE;
				CLANG_CXX_LANGUAGE_STANDARD = "gnu++0x";
				CLANG_CXX_LIBRARY = "libc++";
				CLANG_ENABLE_MODULES = YES;
				CLANG_ENABLE_OBJC_ARC = YES;
				CLANG_WARN_BOOL_CONVERSION = YES;
				CLANG_WARN_CONSTANT_CONVERSION = YES;
				CLANG_WARN_DIRECT_OBJC_ISA_USAGE = YES_ERROR;
				CLANG_WARN_DOCUMENTATION_COMMENTS = YES;
				CLANG_WARN_EMPTY_BODY = YES;
				CLANG_WARN_ENUM_CONVERSION = YES;
				CLANG_WARN_INFINITE_RECURSION = YES;
				CLANG_WARN_INT_CONVERSION = YES;
				CLANG_WARN_OBJC_ROOT_CLASS = YES_ERROR;
				CLANG_WARN_SUSPICIOUS_MOVE = YES;
				CLANG_WARN_UNREACHABLE_CODE = YES;
				CLANG_WARN__DUPLICATE_METHOD_MATCH = YES;
				"CODE_SIGN_IDENTITY[sdk=iphoneos*]" = "iPhone Developer";
				COPY_PHASE_STRIP = NO;
				DEBUG_INFORMATION_FORMAT = "dwarf-with-dsym";
				ENABLE_NS_ASSERTIONS = NO;
				ENABLE_STRICT_OBJC_MSGSEND = YES;
				GCC_C_LANGUAGE_STANDARD = gnu99;
				GCC_NO_COMMON_BLOCKS = YES;
				GCC_WARN_64_TO_32_BIT_CONVERSION = YES;
				GCC_WARN_ABOUT_RETURN_TYPE = YES_ERROR;
				GCC_WARN_UNDECLARED_SELECTOR = YES;
				GCC_WARN_UNINITIALIZED_AUTOS = YES_AGGRESSIVE;
				GCC_WARN_UNUSED_FUNCTION = YES;
				GCC_WARN_UNUSED_VARIABLE = YES;
				IPHONEOS_DEPLOYMENT_TARGET = 10.3;
				MTL_ENABLE_DEBUG_INFO = NO;
				SDKROOT = iphoneos;
				SWIFT_OPTIMIZATION_LEVEL = "-Owholemodule";
				VALIDATE_PRODUCT = YES;
			};
			name = Release;
		};
		90A21BA41F12155700B3CDD6 /* Debug */ = {
			isa = XCBuildConfiguration;
			buildSettings = {
				ALWAYS_EMBED_SWIFT_STANDARD_LIBRARIES = YES;
				ASSETCATALOG_COMPILER_APPICON_NAME = AppIcon;
				FRAMEWORK_SEARCH_PATHS = (
					"$(inherited)",
					"$(PROJECT_DIR)/Carthage/Build/iOS",
				);
				INFOPLIST_FILE = Sample/Info.plist;
				LD_RUNPATH_SEARCH_PATHS = "$(inherited) @executable_path/Frameworks";
				PRODUCT_BUNDLE_IDENTIFIER = com.nktn.Sample;
				PRODUCT_NAME = "$(TARGET_NAME)";
				SWIFT_VERSION = 3.0;
			};
			name = Debug;
		};
		90A21BA51F12155700B3CDD6 /* Release */ = {
			isa = XCBuildConfiguration;
			buildSettings = {
				ALWAYS_EMBED_SWIFT_STANDARD_LIBRARIES = YES;
				ASSETCATALOG_COMPILER_APPICON_NAME = AppIcon;
				FRAMEWORK_SEARCH_PATHS = (
					"$(inherited)",
					"$(PROJECT_DIR)/Carthage/Build/iOS",
				);
				INFOPLIST_FILE = Sample/Info.plist;
				LD_RUNPATH_SEARCH_PATHS = "$(inherited) @executable_path/Frameworks";
				PRODUCT_BUNDLE_IDENTIFIER = com.nktn.Sample;
				PRODUCT_NAME = "$(TARGET_NAME)";
				SWIFT_VERSION = 3.0;
			};
			name = Release;
		};
/* End XCBuildConfiguration section */

/* Begin XCConfigurationList section */
		90A21B8C1F12155700B3CDD6 /* Build configuration list for PBXProject "Sample" */ = {
			isa = XCConfigurationList;
			buildConfigurations = (
				90A21BA11F12155700B3CDD6 /* Debug */,
				90A21BA21F12155700B3CDD6 /* Release */,
			);
			defaultConfigurationIsVisible = 0;
			defaultConfigurationName = Release;
		};
		90A21BA31F12155700B3CDD6 /* Build configuration list for PBXNativeTarget "Sample" */ = {
			isa = XCConfigurationList;
			buildConfigurations = (
				90A21BA41F12155700B3CDD6 /* Debug */,
				90A21BA51F12155700B3CDD6 /* Release */,
			);
			defaultConfigurationIsVisible = 0;
			defaultConfigurationName = Release;
		};
/* End XCConfigurationList section */
	};
	rootObject = 90A21B891F12155700B3CDD6 /* Project object */;
}
